
Microsoft Visual Studio Solution File, Format Version 12.00
# Visual Studio 14
VisualStudioVersion = 14.0.23107.0
MinimumVisualStudioVersion = 10.0.40219.1
Project("{FAE04EC0-301F-11D3-BF4B-00C04F79EFBC}") = "ModbusImport", "ModbusImport\ModbusImport.csproj", "{B8EE9D95-33AD-4B46-A998-E866C88C9635}"
EndProject
Project("{FAE04EC0-301F-11D3-BF4B-00C04F79EFBC}") = "ModbusImportShell", "ModbusImportShell\ModbusImportShell.csproj", "{2861F459-A8FB-4236-879D-5314DCF16015}"
EndProject
Project("{FAE04EC0-301F-11D3-BF4B-00C04F79EFBC}") = "ModbusImportSample", "ModbusImportSample\ModbusImportSample.csproj", "{66868E02-567C-483B-AAE7-E69375B3E198}"
EndProject
Global
	GlobalSection(SolutionConfigurationPlatforms) = preSolution
		Debug|Any CPU = Debug|Any CPU
		Release|Any CPU = Release|Any CPU
	EndGlobalSection
	GlobalSection(ProjectConfigurationPlatforms) = postSolution
		{B8EE9D95-33AD-4B46-A998-E866C88C9635}.Debug|Any CPU.ActiveCfg = Debug|Any CPU
		{B8EE9D95-33AD-4B46-A998-E866C88C9635}.Debug|Any CPU.Build.0 = Debug|Any CPU
		{B8EE9D95-33AD-4B46-A998-E866C88C9635}.Release|Any CPU.ActiveCfg = Release|Any CPU
		{B8EE9D95-33AD-4B46-A998-E866C88C9635}.Release|Any CPU.Build.0 = Release|Any CPU
		{2861F459-A8FB-4236-879D-5314DCF16015}.Debug|Any CPU.ActiveCfg = Debug|Any CPU
		{2861F459-A8FB-4236-879D-5314DCF16015}.Debug|Any CPU.Build.0 = Debug|Any CPU
		{2861F459-A8FB-4236-879D-5314DCF16015}.Release|Any CPU.ActiveCfg = Release|Any CPU
		{2861F459-A8FB-4236-879D-5314DCF16015}.Release|Any CPU.Build.0 = Release|Any CPU
		{66868E02-567C-483B-AAE7-E69375B3E198}.Debug|Any CPU.ActiveCfg = Debug|Any CPU
		{66868E02-567C-483B-AAE7-E69375B3E198}.Debug|Any CPU.Build.0 = Debug|Any CPU
		{66868E02-567C-483B-AAE7-E69375B3E198}.Release|Any CPU.ActiveCfg = Release|Any CPU
		{66868E02-567C-483B-AAE7-E69375B3E198}.Release|Any CPU.Build.0 = Release|Any CPU
	EndGlobalSection
	GlobalSection(SolutionProperties) = preSolution
		HideSolutionNode = FALSE
	EndGlobalSection
EndGlobal
